{
  "lockfileVersion": 1,
  "workspaces": {
    "": {
      "name": "app",
      "dependencies": {
        "@hotwired/stimulus": "^3.2.2",
        "@hotwired/turbo-rails": "^8.0.16",
        "@rails/actioncable": "^7.2.201",
        "@rails/actiontext": "^7.2.201",
        "dayjs": "^1.11.13",
        "trix": "^2.1.15",
      },
    },
  },
  "packages": {
    "@hotwired/stimulus": ["@hotwired/stimulus@3.2.2", "", {}, "sha512-eGeIqNOQpXoPAIP7tC1+1Yc1yl1xnwYqg+3mzqxyrbE5pg5YFBZcA6YoTiByJB6DKAEsiWtl6tjTJS4IYtbB7A=="],

    "@hotwired/turbo": ["@hotwired/turbo@8.0.13", "", {}, "sha512-M7qXUqcGab6G5PKOiwhgbByTtrPgKPFCTMNQ52QhzUEXEqmp0/ApEguUesh/FPiUjrmFec+3lq98KsWnYY2C7g=="],

    "@hotwired/turbo-rails": ["@hotwired/turbo-rails@8.0.16", "", { "dependencies": { "@hotwired/turbo": "^8.0.13", "@rails/actioncable": ">=7.0" } }, "sha512-Yxiy2x+N3eOIEDokvLzSrd08aI5RDKnFYDQFl2J/LuMEWTtPdY7oNP0F/gv/sSe5AV23Lwz4FitG/uNFXNM5tA=="],

    "@rails/actioncable": ["@rails/actioncable@7.2.202", "", {}, "sha512-fJs7s2AsVdGFMYSIWe8OtMipSpoGVNw9XJJFi9SsdykDOQxLR9p5GMHdwWrg45he6WDU4ptIJsZini2xxv7G6g=="],

    "@rails/actiontext": ["@rails/actiontext@7.2.202", "", { "dependencies": { "@rails/activestorage": ">= 7.2.0-alpha" }, "peerDependencies": { "trix": "^2.0.0" } }, "sha512-Fb851rKGVCB2zzdKnMZfCdatoUDkuDPzqgM+ILOegyM9Iel07GT93rHHkmh+XZuP6xFMoYaJgOZtkNe1nEyw5g=="],

    "@rails/activestorage": ["@rails/activestorage@8.0.100", "", { "dependencies": { "spark-md5": "^3.0.1" } }, "sha512-/fIFav9RFFzQKK3a91O2OOdnHxPx+mBIR6wZDxeH9bcbDf2dZqhVcr5DGRJuhkF8U7C3s0tYvYafscmkBNRlHQ=="],

    "@types/trusted-types": ["@types/trusted-types@2.0.7", "", {}, "sha512-ScaPdn1dQczgbl0QFTeTOmVHFULt394XJgOQNoyVhZ6r2vLnMLJfBPd53SB52T/3G36VI1/g2MZaX0cwDuXsfw=="],

    "dayjs": ["dayjs@1.11.13", "", {}, "sha512-oaMBel6gjolK862uaPQOVTA7q3TZhuSvuMQAAglQDOWYO9A91IrAOUJEyKVlqJlHE0vq5p5UXxzdPfMH/x6xNg=="],

    "dompurify": ["dompurify@3.2.5", "", { "optionalDependencies": { "@types/trusted-types": "^2.0.7" } }, "sha512-mLPd29uoRe9HpvwP2TxClGQBzGXeEC/we/q+bFlmPPmj2p2Ugl3r6ATu/UU1v77DXNcehiBg9zsr1dREyA/dJQ=="],

    "spark-md5": ["spark-md5@3.0.2", "", {}, "sha512-wcFzz9cDfbuqe0FZzfi2or1sgyIrsDwmPwfZC4hiNidPdPINjeUwNfv5kldczoEAcjl9Y1L3SM7Uz2PUEQzxQw=="],

    "trix": ["trix@2.1.15", "", { "dependencies": { "dompurify": "^3.2.5" } }, "sha512-LoaXWczdTUV8+3Box92B9b1iaDVbxD14dYemZRxi3PwY+AuDm97BUJV2aHLBUFPuDABhxp0wzcbf0CxHCVmXiw=="],

    "@hotwired/turbo-rails/@rails/actioncable": ["@rails/actioncable@7.2.201", "", {}, "sha512-wsTdWoZ5EfG5k3t7ORdyQF0ZmDEgN4aVPCanHAiNEwCROqibSZMXXmCbH7IDJUVri4FOeAVwwbPINI7HVHPKBw=="],
  }
}
